{
  "name": "devious",
  "version": "0.6.1",
  "lockfileVersion": 1,
  "requires": true,
  "dependencies": {
    "@webcomponents/custom-elements": {
      "version": "1.0.4",
      "resolved": "https://registry.npmjs.org/@webcomponents/custom-elements/-/custom-elements-1.0.4.tgz",
      "integrity": "sha512-klwpl/zR4JnVPDBbZYj52xqpPclxKyNGoCzpRuFAAEIUn4V1UCUuSrj5JhkAES4OoO90Z5glsrbZa2a4lNtLnw=="
    },
    "@webcomponents/shadycss": {
      "version": "1.0.6",
      "resolved": "https://registry.npmjs.org/@webcomponents/shadycss/-/shadycss-1.0.6.tgz",
      "integrity": "sha512-4yGifxIQkDzf3SRQIRE4e4cI09yawgZ6GHsnrkSLdohesKo4oMgxc5sF0wv2DQN7o7mCAjBYnunQXcHmC62qhw=="
    },
    "@webcomponents/shadydom": {
      "version": "1.0.4",
      "resolved": "https://registry.npmjs.org/@webcomponents/shadydom/-/shadydom-1.0.4.tgz",
      "integrity": "sha512-77ohWqsRh4qPgEC+fhuGwnq+JfeKDvkLE7hR9rrLLJUxZ2QMWpnK+t0O15C04gOouv9gix/UU6ddCfnf01ukXA=="
    },
    "ally.js": {
      "version": "1.4.1",
      "resolved": "https://registry.npmjs.org/ally.js/-/ally.js-1.4.1.tgz",
      "integrity": "sha1-n7fmuljvrE7pExyymqnuO1QLzx4=",
      "requires": {
        "css.escape": "1.5.1",
        "platform": "1.3.3"
      }
    },
    "css.escape": {
      "version": "1.5.1",
      "resolved": "https://registry.npmjs.org/css.escape/-/css.escape-1.5.1.tgz",
      "integrity": "sha1-QuJ9T6BK4y+TGktNQZH6nN3ul8s="
    },
    "dom4": {
      "version": "1.8.5",
      "resolved": "https://registry.npmjs.org/dom4/-/dom4-1.8.5.tgz",
      "integrity": "sha512-ehHzOGGkVQOwU9HyZ99gHwkx4ybrRl/P1vJM7EH1nS9XsgHwO+J0KwCnVQrn8iQvpstGwFrtrX7aSNQ43QuK4A=="
    },
    "foibles": {
      "version": "0.2.0",
      "resolved": "https://registry.npmjs.org/foibles/-/foibles-0.2.0.tgz",
      "integrity": "sha512-/5Xm2tfFoDRALzwAZ9mQN0cfOY4aGNmespIn2uS47uPqm9ofuoJZKnj9TJMqMLufaK9vCtLwd3jNweYeKr/7yA=="
    },
    "lodash.isfunction": {
      "version": "3.0.8",
      "resolved": "https://registry.npmjs.org/lodash.isfunction/-/lodash.isfunction-3.0.8.tgz",
      "integrity": "sha1-TbcJ/IG8So/XEnpFilNGxc3OLGs="
    },
    "mara": {
      "version": "1.0.0",
      "resolved": "https://registry.npmjs.org/mara/-/mara-1.0.0.tgz",
      "integrity": "sha512-UUoQIJ6r2LOpQVX7P/D7P4GAwYSrbrktGrGdp56gR9xFxnmqdh8PA6R/LwYXC1WJpv8j2PIyCeMpxQHzzL5UTA==",
      "requires": {
        "@webcomponents/custom-elements": "1.0.4",
        "@webcomponents/shadycss": "1.0.6",
        "@webcomponents/shadydom": "1.0.4",
        "ally.js": "1.4.1",
        "dom4": "1.8.5",
        "foibles": "0.2.0",
        "lodash.isfunction": "3.0.8"
      }
    },
    "mara-forms": {
      "version": "0.4.0",
      "resolved": "https://registry.npmjs.org/mara-forms/-/mara-forms-0.4.0.tgz",
      "integrity": "sha512-svqsAYx/SnhfDE9kXUVVzbnjSflFhJnagHaquwH9bBtGsOcCSvSl3LKTleFbW+1E4J+VKz41SdeZiioDi7gS7A==",
      "requires": {
        "ally.js": "1.4.1",
        "mara": "1.0.0"
      }
    },
    "mara-navigation": {
      "version": "0.4.0",
      "resolved": "https://registry.npmjs.org/mara-navigation/-/mara-navigation-0.4.0.tgz",
      "integrity": "sha512-AvJWi3lQ42lA4ZJX/69Zx9LFj6ZF3T3OMmm6NMikiBWbqRr1ONXXPBqYsOU8ulAk0iC0XeQ6q9SYQcZR1A7XLg==",
      "requires": {
        "mara": "1.0.0"
      }
    },
    "normalize.css": {
      "version": "3.0.3",
      "resolved": "https://registry.npmjs.org/normalize.css/-/normalize.css-3.0.3.tgz",
      "integrity": "sha1-rMACYuI1osqpE2Oi5eO/pPitBcY="
    },
    "platform": {
      "version": "1.3.3",
      "resolved": "https://registry.npmjs.org/platform/-/platform-1.3.3.tgz",
      "integrity": "sha1-ZGx3ARiZhwtqCQPnXpl+jlHadGE="
    }
  }
}
